
Microsoft Visual Studio Solution File, Format Version 12.00
# Visual Studio Version 17
VisualStudioVersion = 17.3.32922.545
MinimumVisualStudioVersion = 10.0.40219.1
Project("{FAE04EC0-301F-11D3-BF4B-00C04F79EFBC}") = "BooksSpot2022", "BooksSpot2022\BooksSpot2022.csproj", "{EAD9BA6B-5AAA-4570-B580-8ABA3D26076E}"
EndProject
Global
	GlobalSection(SolutionConfigurationPlatforms) = preSolution
		Debug|Any CPU = Debug|Any CPU
		Release|Any CPU = Release|Any CPU
	EndGlobalSection
	GlobalSection(ProjectConfigurationPlatforms) = postSolution
		{EAD9BA6B-5AAA-4570-B580-8ABA3D26076E}.Debug|Any CPU.ActiveCfg = Debug|Any CPU
		{EAD9BA6B-5AAA-4570-B580-8ABA3D26076E}.Debug|Any CPU.Build.0 = Debug|Any CPU
		{EAD9BA6B-5AAA-4570-B580-8ABA3D26076E}.Release|Any CPU.ActiveCfg = Release|Any CPU
		{EAD9BA6B-5AAA-4570-B580-8ABA3D26076E}.Release|Any CPU.Build.0 = Release|Any CPU
	EndGlobalSection
	GlobalSection(SolutionProperties) = preSolution
		HideSolutionNode = FALSE
	EndGlobalSection
	GlobalSection(ExtensibilityGlobals) = postSolution
		SolutionGuid = {0042AFBC-8A1D-491D-8672-FB548D58F914}
	EndGlobalSection
EndGlobal
